
Microsoft Visual Studio Solution File, Format Version 12.00
# Visual Studio Version 17
VisualStudioVersion = 17.13.35806.99
MinimumVisualStudioVersion = 10.0.40219.1
Project("{2150E333-8FDC-42A3-9474-1A3956D46DE8}") = "src", "src", "{02EA681E-C7D8-13C7-8484-4AC65E1B71E8}"
EndProject
Project("{2150E333-8FDC-42A3-9474-1A3956D46DE8}") = "Application", "Application", "{D0A71B2B-2680-49FE-9B74-C3379028B021}"
EndProject
Project("{2150E333-8FDC-42A3-9474-1A3956D46DE8}") = "Domain", "Domain", "{533012BB-2D4F-4CF0-9C7F-27C624523D8B}"
EndProject
Project("{2150E333-8FDC-42A3-9474-1A3956D46DE8}") = "FrameworksAndDrivers", "FrameworksAndDrivers", "{CE0EC253-DB7E-4885-88EF-C60008C67345}"
EndProject
Project("{2150E333-8FDC-42A3-9474-1A3956D46DE8}") = "InterfaceAdapter", "InterfaceAdapter", "{1237F471-A3D3-4E9F-A94A-8391B416038C}"
EndProject
Project("{2150E333-8FDC-42A3-9474-1A3956D46DE8}") = "WebApi", "WebApi", "{D2841AF3-ACDB-44E3-A599-CEED63C3F30D}"
EndProject
Project("{FAE04EC0-301F-11D3-BF4B-00C04F79EFBC}") = "ArqLimpaDDD.Application", "ArqLimpaDDD.Application\ArqLimpaDDD.Application.csproj", "{953F6205-6805-4312-9007-DED2E2B9F77A}"
EndProject
Project("{FAE04EC0-301F-11D3-BF4B-00C04F79EFBC}") = "ArqLimpaDDD.Domain", "ArqLimpaDDD.Domain\ArqLimpaDDD.Domain.csproj", "{6BE3AC2C-4CC8-4597-BB2F-B5146EE47AC3}"
EndProject
Project("{FAE04EC0-301F-11D3-BF4B-00C04F79EFBC}") = "ArqLimpaDDD.WebApi", "ArqLimpaDDD.WebApi\ArqLimpaDDD.WebApi.csproj", "{2B97AEB6-5CE8-4348-B4F6-2314741C9C03}"
EndProject
Project("{FAE04EC0-301F-11D3-BF4B-00C04F79EFBC}") = "ArqLimpaDDD.FrameworksAndDrivers", "ArqLimpaDDD.FrameworksAndDrivers\ArqLimpaDDD.FrameworksAndDrivers.csproj", "{975F2943-41BE-4535-A678-81D3505D2228}"
EndProject
Project("{FAE04EC0-301F-11D3-BF4B-00C04F79EFBC}") = "ArqLimpaDDD.IOC", "ArqLimpaDDD.IOC\ArqLimpaDDD.IOC.csproj", "{0614A3E6-C3CC-4CDD-A5F0-602A9A99CCB2}"
EndProject
Project("{2150E333-8FDC-42A3-9474-1A3956D46DE8}") = "Mapping", "Mapping", "{9B52FCBF-2009-4F7F-B97A-751926CCF011}"
EndProject
Project("{FAE04EC0-301F-11D3-BF4B-00C04F79EFBC}") = "ArqLimpaDDD.InterfaceAdapter", "ArqLimpaDDD.InterfaceAdapter\ArqLimpaDDD.InterfaceAdapter.csproj", "{69211475-E92D-42A2-B2DE-8BE9FD3DDC55}"
EndProject
Project("{FAE04EC0-301F-11D3-BF4B-00C04F79EFBC}") = "ArqLimpaDDD.Mapping", "ArqLimpaDDD.Mapping\ArqLimpaDDD.Mapping.csproj", "{792AE62B-9DD9-4E99-B544-8E788B8018DA}"
EndProject
Global
	GlobalSection(SolutionConfigurationPlatforms) = preSolution
		Debug|Any CPU = Debug|Any CPU
		Release|Any CPU = Release|Any CPU
	EndGlobalSection
	GlobalSection(ProjectConfigurationPlatforms) = postSolution
		{953F6205-6805-4312-9007-DED2E2B9F77A}.Debug|Any CPU.ActiveCfg = Debug|Any CPU
		{953F6205-6805-4312-9007-DED2E2B9F77A}.Debug|Any CPU.Build.0 = Debug|Any CPU
		{953F6205-6805-4312-9007-DED2E2B9F77A}.Release|Any CPU.ActiveCfg = Release|Any CPU
		{953F6205-6805-4312-9007-DED2E2B9F77A}.Release|Any CPU.Build.0 = Release|Any CPU
		{6BE3AC2C-4CC8-4597-BB2F-B5146EE47AC3}.Debug|Any CPU.ActiveCfg = Debug|Any CPU
		{6BE3AC2C-4CC8-4597-BB2F-B5146EE47AC3}.Debug|Any CPU.Build.0 = Debug|Any CPU
		{6BE3AC2C-4CC8-4597-BB2F-B5146EE47AC3}.Release|Any CPU.ActiveCfg = Release|Any CPU
		{6BE3AC2C-4CC8-4597-BB2F-B5146EE47AC3}.Release|Any CPU.Build.0 = Release|Any CPU
		{2B97AEB6-5CE8-4348-B4F6-2314741C9C03}.Debug|Any CPU.ActiveCfg = Debug|Any CPU
		{2B97AEB6-5CE8-4348-B4F6-2314741C9C03}.Debug|Any CPU.Build.0 = Debug|Any CPU
		{2B97AEB6-5CE8-4348-B4F6-2314741C9C03}.Release|Any CPU.ActiveCfg = Release|Any CPU
		{2B97AEB6-5CE8-4348-B4F6-2314741C9C03}.Release|Any CPU.Build.0 = Release|Any CPU
		{975F2943-41BE-4535-A678-81D3505D2228}.Debug|Any CPU.ActiveCfg = Debug|Any CPU
		{975F2943-41BE-4535-A678-81D3505D2228}.Debug|Any CPU.Build.0 = Debug|Any CPU
		{975F2943-41BE-4535-A678-81D3505D2228}.Release|Any CPU.ActiveCfg = Release|Any CPU
		{975F2943-41BE-4535-A678-81D3505D2228}.Release|Any CPU.Build.0 = Release|Any CPU
		{0614A3E6-C3CC-4CDD-A5F0-602A9A99CCB2}.Debug|Any CPU.ActiveCfg = Debug|Any CPU
		{0614A3E6-C3CC-4CDD-A5F0-602A9A99CCB2}.Debug|Any CPU.Build.0 = Debug|Any CPU
		{0614A3E6-C3CC-4CDD-A5F0-602A9A99CCB2}.Release|Any CPU.ActiveCfg = Release|Any CPU
		{0614A3E6-C3CC-4CDD-A5F0-602A9A99CCB2}.Release|Any CPU.Build.0 = Release|Any CPU
		{69211475-E92D-42A2-B2DE-8BE9FD3DDC55}.Debug|Any CPU.ActiveCfg = Debug|Any CPU
		{69211475-E92D-42A2-B2DE-8BE9FD3DDC55}.Debug|Any CPU.Build.0 = Debug|Any CPU
		{69211475-E92D-42A2-B2DE-8BE9FD3DDC55}.Release|Any CPU.ActiveCfg = Release|Any CPU
		{69211475-E92D-42A2-B2DE-8BE9FD3DDC55}.Release|Any CPU.Build.0 = Release|Any CPU
		{792AE62B-9DD9-4E99-B544-8E788B8018DA}.Debug|Any CPU.ActiveCfg = Debug|Any CPU
		{792AE62B-9DD9-4E99-B544-8E788B8018DA}.Debug|Any CPU.Build.0 = Debug|Any CPU
		{792AE62B-9DD9-4E99-B544-8E788B8018DA}.Release|Any CPU.ActiveCfg = Release|Any CPU
		{792AE62B-9DD9-4E99-B544-8E788B8018DA}.Release|Any CPU.Build.0 = Release|Any CPU
	EndGlobalSection
	GlobalSection(SolutionProperties) = preSolution
		HideSolutionNode = FALSE
	EndGlobalSection
	GlobalSection(NestedProjects) = preSolution
		{D0A71B2B-2680-49FE-9B74-C3379028B021} = {02EA681E-C7D8-13C7-8484-4AC65E1B71E8}
		{533012BB-2D4F-4CF0-9C7F-27C624523D8B} = {02EA681E-C7D8-13C7-8484-4AC65E1B71E8}
		{CE0EC253-DB7E-4885-88EF-C60008C67345} = {02EA681E-C7D8-13C7-8484-4AC65E1B71E8}
		{1237F471-A3D3-4E9F-A94A-8391B416038C} = {02EA681E-C7D8-13C7-8484-4AC65E1B71E8}
		{D2841AF3-ACDB-44E3-A599-CEED63C3F30D} = {02EA681E-C7D8-13C7-8484-4AC65E1B71E8}
		{953F6205-6805-4312-9007-DED2E2B9F77A} = {D0A71B2B-2680-49FE-9B74-C3379028B021}
		{6BE3AC2C-4CC8-4597-BB2F-B5146EE47AC3} = {533012BB-2D4F-4CF0-9C7F-27C624523D8B}
		{2B97AEB6-5CE8-4348-B4F6-2314741C9C03} = {D2841AF3-ACDB-44E3-A599-CEED63C3F30D}
		{975F2943-41BE-4535-A678-81D3505D2228} = {CE0EC253-DB7E-4885-88EF-C60008C67345}
		{0614A3E6-C3CC-4CDD-A5F0-602A9A99CCB2} = {CE0EC253-DB7E-4885-88EF-C60008C67345}
		{9B52FCBF-2009-4F7F-B97A-751926CCF011} = {02EA681E-C7D8-13C7-8484-4AC65E1B71E8}
		{69211475-E92D-42A2-B2DE-8BE9FD3DDC55} = {1237F471-A3D3-4E9F-A94A-8391B416038C}
		{792AE62B-9DD9-4E99-B544-8E788B8018DA} = {9B52FCBF-2009-4F7F-B97A-751926CCF011}
	EndGlobalSection
	GlobalSection(ExtensibilityGlobals) = postSolution
		SolutionGuid = {E391CAC9-79C1-4E17-90B8-5498EF0ABE03}
	EndGlobalSection
EndGlobal
